
Microsoft Visual Studio Solution File, Format Version 12.00
# Visual Studio Version 16
VisualStudioVersion = 16.0.30406.217
MinimumVisualStudioVersion = 10.0.40219.1
Project("{FAE04EC0-301F-11D3-BF4B-00C04F79EFBC}") = "ProjetoZero", "ProjetoZero\ProjetoZero.csproj", "{CD74E800-93DE-456D-9E6F-0C31706A6625}"
EndProject
Global
	GlobalSection(SolutionConfigurationPlatforms) = preSolution
		Debug|Any CPU = Debug|Any CPU
		Release|Any CPU = Release|Any CPU
	EndGlobalSection
	GlobalSection(ProjectConfigurationPlatforms) = postSolution
		{CD74E800-93DE-456D-9E6F-0C31706A6625}.Debug|Any CPU.ActiveCfg = Debug|Any CPU
		{CD74E800-93DE-456D-9E6F-0C31706A6625}.Debug|Any CPU.Build.0 = Debug|Any CPU
		{CD74E800-93DE-456D-9E6F-0C31706A6625}.Release|Any CPU.ActiveCfg = Release|Any CPU
		{CD74E800-93DE-456D-9E6F-0C31706A6625}.Release|Any CPU.Build.0 = Release|Any CPU
	EndGlobalSection
	GlobalSection(SolutionProperties) = preSolution
		HideSolutionNode = FALSE
	EndGlobalSection
	GlobalSection(ExtensibilityGlobals) = postSolution
		SolutionGuid = {120482A0-B332-4ED4-B823-FCC8D9923B05}
	EndGlobalSection
EndGlobal
